// !$*UTF8*$!
{
	archiveVersion = 1;
	classes = {
	};
	objectVersion = 46;
	objects = {

/* Begin PBXBuildFile section */
		1E0818A51DE5FA36004B4E0D /* AppDelegate.swift in Sources */ = {isa = PBXBuildFile; fileRef = 1E0818A41DE5FA36004B4E0D /* AppDelegate.swift */; };
		1E0818A71DE5FA36004B4E0D /* ViewController.swift in Sources */ = {isa = PBXBuildFile; fileRef = 1E0818A61DE5FA36004B4E0D /* ViewController.swift */; };
		1E0818AA1DE5FA36004B4E0D /* Main.storyboard in Resources */ = {isa = PBXBuildFile; fileRef = 1E0818A81DE5FA36004B4E0D /* Main.storyboard */; };
		1E0818AC1DE5FA36004B4E0D /* Assets.xcassets in Resources */ = {isa = PBXBuildFile; fileRef = 1E0818AB1DE5FA36004B4E0D /* Assets.xcassets */; };
		1E0818AF1DE5FA36004B4E0D /* LaunchScreen.storyboard in Resources */ = {isa = PBXBuildFile; fileRef = 1E0818AD1DE5FA36004B4E0D /* LaunchScreen.storyboard */; };
		1E0818B71DE5FA9C004B4E0D /* SectionedTableViewController.swift in Sources */ = {isa = PBXBuildFile; fileRef = 1E0818B61DE5FA9C004B4E0D /* SectionedTableViewController.swift */; };
/* End PBXBuildFile section */

/* Begin PBXFileReference section */
		1E0818A11DE5FA36004B4E0D /* TrivialTableWithSections.app */ = {isa = PBXFileReference; explicitFileType = wrapper.application; includeInIndex = 0; path = TrivialTableWithSections.app; sourceTree = BUILT_PRODUCTS_DIR; };
		1E0818A41DE5FA36004B4E0D /* AppDelegate.swift */ = {isa = PBXFileReference; lastKnownFileType = sourcecode.swift; path = AppDelegate.swift; sourceTree = "<group>"; };
		1E0818A61DE5FA36004B4E0D /* ViewController.swift */ = {isa = PBXFileReference; lastKnownFileType = sourcecode.swift; path = ViewController.swift; sourceTree = "<group>"; };
		1E0818A91DE5FA36004B4E0D /* Base */ = {isa = PBXFileReference; lastKnownFileType = file.storyboard; name = Base; path = Base.lproj/Main.storyboard; sourceTree = "<group>"; };
		1E0818AB1DE5FA36004B4E0D /* Assets.xcassets */ = {isa = PBXFileReference; lastKnownFileType = folder.assetcatalog; path = Assets.xcassets; sourceTree = "<group>"; };
		1E0818AE1DE5FA36004B4E0D /* Base */ = {isa = PBXFileReference; lastKnownFileType = file.storyboard; name = Base; path = Base.lproj/LaunchScreen.storyboard; sourceTree = "<group>"; };
		1E0818B01DE5FA36004B4E0D /* Info.plist */ = {isa = PBXFileReference; lastKnownFileType = text.plist.xml; path = Info.plist; sourceTree = "<group>"; };
		1E0818B61DE5FA9C004B4E0D /* SectionedTableViewController.swift */ = {isa = PBXFileReference; fileEncoding = 4; lastKnownFileType = sourcecode.swift; path = SectionedTableViewController.swift; sourceTree = "<group>"; };
/* End PBXFileReference section */

/* Begin PBXFrameworksBuildPhase section */
		1E08189E1DE5FA36004B4E0D /* Frameworks */ = {
			isa = PBXFrameworksBuildPhase;
			buildActionMask = 2147483647;
			files = (
			);
			runOnlyForDeploymentPostprocessing = 0;
		};
/* End PBXFrameworksBuildPhase section */

/* Begin PBXGroup section */
		1E0818981DE5FA36004B4E0D = {
			isa = PBXGroup;
			children = (
				1E0818A31DE5FA36004B4E0D /* TrivialTableWithSections */,
				1E0818A21DE5FA36004B4E0D /* Products */,
			);
			sourceTree = "<group>";
		};
		1E0818A21DE5FA36004B4E0D /* Products */ = {
			isa = PBXGroup;
			children = (
				1E0818A11DE5FA36004B4E0D /* TrivialTableWithSections.app */,
			);
			name = Products;
			sourceTree = "<group>";
		};
		1E0818A31DE5FA36004B4E0D /* TrivialTableWithSections */ = {
			isa = PBXGroup;
			children = (
				1E0818A41DE5FA36004B4E0D /* AppDelegate.swift */,
				1E0818A61DE5FA36004B4E0D /* ViewController.swift */,
				1E0818A81DE5FA36004B4E0D /* Main.storyboard */,
				1E0818AB1DE5FA36004B4E0D /* Assets.xcassets */,
				1E0818AD1DE5FA36004B4E0D /* LaunchScreen.storyboard */,
				1E0818B01DE5FA36004B4E0D /* Info.plist */,
				1E0818B61DE5FA9C004B4E0D /* SectionedTableViewController.swift */,
			);
			path = TrivialTableWithSections;
			sourceTree = "<group>";
		};
/* End PBXGroup section */

/* Begin PBXNativeTarget section */
		1E0818A01DE5FA36004B4E0D /* TrivialTableWithSections */ = {
			isa = PBXNativeTarget;
			buildConfigurationList = 1E0818B31DE5FA36004B4E0D /* Build configuration list for PBXNativeTarget "TrivialTableWithSections" */;
			buildPhases = (
				1E08189D1DE5FA36004B4E0D /* Sources */,
				1E08189E1DE5FA36004B4E0D /* Frameworks */,
				1E08189F1DE5FA36004B4E0D /* Resources */,
			);
			buildRules = (
			);
			dependencies = (
			);
			name = TrivialTableWithSections;
			productName = TrivialTableWithSections;
			productReference = 1E0818A11DE5FA36004B4E0D /* TrivialTableWithSections.app */;
			productType = "com.apple.product-type.application";
		};
/* End PBXNativeTarget section */

/* Begin PBXProject section */
		1E0818991DE5FA36004B4E0D /* Project object */ = {
			isa = PBXProject;
			attributes = {
				LastSwiftUpdateCheck = 0810;
				LastUpgradeCheck = 0810;
				ORGANIZATIONNAME = C4Q;
				TargetAttributes = {
					1E0818A01DE5FA36004B4E0D = {
						CreatedOnToolsVersion = 8.1;
						ProvisioningStyle = Automatic;
					};
				};
			};
			buildConfigurationList = 1E08189C1DE5FA36004B4E0D /* Build configuration list for PBXProject "TrivialTableWithSections" */;
			compatibilityVersion = "Xcode 3.2";
			developmentRegion = English;
			hasScannedForEncodings = 0;
			knownRegions = (
				en,
				Base,
			);
			mainGroup = 1E0818981DE5FA36004B4E0D;
			productRefGroup = 1E0818A21DE5FA36004B4E0D /* Products */;
			projectDirPath = "";
			projectRoot = "";
			targets = (
				1E0818A01DE5FA36004B4E0D /* TrivialTableWithSections */,
			);
		};
/* End PBXProject section */

/* Begin PBXResourcesBuildPhase section */
		1E08189F1DE5FA36004B4E0D /* Resources */ = {
			isa = PBXResourcesBuildPhase;
			buildActionMask = 2147483647;
			files = (
				1E0818AF1DE5FA36004B4E0D /* LaunchScreen.storyboard in Resources */,
				1E0818AC1DE5FA36004B4E0D /* Assets.xcassets in Resources */,
				1E0818AA1DE5FA36004B4E0D /* Main.storyboard in Resources */,
			);
			runOnlyForDeploymentPostprocessing = 0;
		};
/* End PBXResourcesBuildPhase section */

/* Begin PBXSourcesBuildPhase section */
		1E08189D1DE5FA36004B4E0D /* Sources */ = {
			isa = PBXSourcesBuildPhase;
			buildActionMask = 2147483647;
			files = (
				1E0818B71DE5FA9C004B4E0D /* SectionedTableViewController.swift in Sources */,
				1E0818A71DE5FA36004B4E0D /* ViewController.swift in Sources */,
				1E0818A51DE5FA36004B4E0D /* AppDelegate.swift in Sources */,
			);
			runOnlyForDeploymentPostprocessing = 0;
		};
/* End PBXSourcesBuildPhase section */

/* Begin PBXVariantGroup section */
		1E0818A81DE5FA36004B4E0D /* Main.storyboard */ = {
			isa = PBXVariantGroup;
			children = (
				1E0818A91DE5FA36004B4E0D /* Base */,
			);
			name = Main.storyboard;
			sourceTree = "<group>";
		};
		1E0818AD1DE5FA36004B4E0D /* LaunchScreen.storyboard */ = {
			isa = PBXVariantGroup;
			children = (
				1E0818AE1DE5FA36004B4E0D /* Base */,
			);
			name = LaunchScreen.storyboard;
			sourceTree = "<group>";
		};
/* End PBXVariantGroup section */

/* Begin XCBuildConfiguration section */
		1E0818B11DE5FA36004B4E0D /* Debug */ = {
			isa = XCBuildConfiguration;
			buildSettings = {
				ALWAYS_SEARCH_USER_PATHS = NO;
				CLANG_ANALYZER_NONNULL = YES;
				CLANG_CXX_LANGUAGE_STANDARD = "gnu++0x";
				CLANG_CXX_LIBRARY = "libc++";
				CLANG_ENABLE_MODULES = YES;
				CLANG_ENABLE_OBJC_ARC = YES;
				CLANG_WARN_BOOL_CONVERSION = YES;
				CLANG_WARN_CONSTANT_CONVERSION = YES;
				CLANG_WARN_DIRECT_OBJC_ISA_USAGE = YES_ERROR;
				CLANG_WARN_DOCUMENTATION_COMMENTS = YES;
				CLANG_WARN_EMPTY_BODY = YES;
				CLANG_WARN_ENUM_CONVERSION = YES;
				CLANG_WARN_INFINITE_RECURSION = YES;
				CLANG_WARN_INT_CONVERSION = YES;
				CLANG_WARN_OBJC_ROOT_CLASS = YES_ERROR;
				CLANG_WARN_SUSPICIOUS_MOVES = YES;
				CLANG_WARN_UNREACHABLE_CODE = YES;
				CLANG_WARN__DUPLICATE_METHOD_MATCH = YES;
				"CODE_SIGN_IDENTITY[sdk=iphoneos*]" = "iPhone Developer";
				COPY_PHASE_STRIP = NO;
				DEBUG_INFORMATION_FORMAT = dwarf;
				ENABLE_STRICT_OBJC_MSGSEND = YES;
				ENABLE_TESTABILITY = YES;
				GCC_C_LANGUAGE_STANDARD = gnu99;
				GCC_DYNAMIC_NO_PIC = NO;
				GCC_NO_COMMON_BLOCKS = YES;
				GCC_OPTIMIZATION_LEVEL = 0;
				GCC_PREPROCESSOR_DEFINITIONS = (
					"DEBUG=1",
					"$(inherited)",
				);
				GCC_WARN_64_TO_32_BIT_CONVERSION = YES;
				GCC_WARN_ABOUT_RETURN_TYPE = YES_ERROR;
				GCC_WARN_UNDECLARED_SELECTOR = YES;
				GCC_WARN_UNINITIALIZED_AUTOS = YES_AGGRESSIVE;
				GCC_WARN_UNUSED_FUNCTION = YES;
				GCC_WARN_UNUSED_VARIABLE = YES;
				IPHONEOS_DEPLOYMENT_TARGET = 10.1;
				MTL_ENABLE_DEBUG_INFO = YES;
				ONLY_ACTIVE_ARCH = YES;
				SDKROOT = iphoneos;
				SWIFT_ACTIVE_COMPILATION_CONDITIONS = DEBUG;
				SWIFT_OPTIMIZATION_LEVEL = "-Onone";
				TARGETED_DEVICE_FAMILY = "1,2";
			};
			name = Debug;
		};
		1E0818B21DE5FA36004B4E0D /* Release */ = {
			isa = XCBuildConfiguration;
			buildSettings = {
				ALWAYS_SEARCH_USER_PATHS = NO;
				CLANG_ANALYZER_NONNULL = YES;
				CLANG_CXX_LANGUAGE_STANDARD = "gnu++0x";
				CLANG_CXX_LIBRARY = "libc++";
				CLANG_ENABLE_MODULES = YES;
				CLANG_ENABLE_OBJC_ARC = YES;
				CLANG_WARN_BOOL_CONVERSION = YES;
				CLANG_WARN_CONSTANT_CONVERSION = YES;
				CLANG_WARN_DIRECT_OBJC_ISA_USAGE = YES_ERROR;
				CLANG_WARN_DOCUMENTATION_COMMENTS = YES;
				CLANG_WARN_EMPTY_BODY = YES;
				CLANG_WARN_ENUM_CONVERSION = YES;
				CLANG_WARN_INFINITE_RECURSION = YES;
				CLANG_WARN_INT_CONVERSION = YES;
				CLANG_WARN_OBJC_ROOT_CLASS = YES_ERROR;
				CLANG_WARN_SUSPICIOUS_MOVES = YES;
				CLANG_WARN_UNREACHABLE_CODE = YES;
				CLANG_WARN__DUPLICATE_METHOD_MATCH = YES;
				"CODE_SIGN_IDENTITY[sdk=iphoneos*]" = "iPhone Developer";
				COPY_PHASE_STRIP = NO;
				DEBUG_INFORMATION_FORMAT = "dwarf-with-dsym";
				ENABLE_NS_ASSERTIONS = NO;
				ENABLE_STRICT_OBJC_MSGSEND = YES;
				GCC_C_LANGUAGE_STANDARD = gnu99;
				GCC_NO_COMMON_BLOCKS = YES;
				GCC_WARN_64_TO_32_BIT_CONVERSION = YES;
				GCC_WARN_ABOUT_RETURN_TYPE = YES_ERROR;
				GCC_WARN_UNDECLARED_SELECTOR = YES;
				GCC_WARN_UNINITIALIZED_AUTOS = YES_AGGRESSIVE;
				GCC_WARN_UNUSED_FUNCTION = YES;
				GCC_WARN_UNUSED_VARIABLE = YES;
				IPHONEOS_DEPLOYMENT_TARGET = 10.1;
				MTL_ENABLE_DEBUG_INFO = NO;
				SDKROOT = iphoneos;
				SWIFT_OPTIMIZATION_LEVEL = "-Owholemodule";
				TARGETED_DEVICE_FAMILY = "1,2";
				VALIDATE_PRODUCT = YES;
			};
			name = Release;
		};
		1E0818B41DE5FA36004B4E0D /* Debug */ = {
			isa = XCBuildConfiguration;
			buildSettings = {
				ASSETCATALOG_COMPILER_APPICON_NAME = AppIcon;
				INFOPLIST_FILE = TrivialTableWithSections/Info.plist;
				LD_RUNPATH_SEARCH_PATHS = "$(inherited) @executable_path/Frameworks";
				PRODUCT_BUNDLE_IDENTIFIER = nyc.c4q.TrivialTableWithSections;
				PRODUCT_NAME = "$(TARGET_NAME)";
				SWIFT_VERSION = 3.0;
			};
			name = Debug;
		};
		1E0818B51DE5FA36004B4E0D /* Release */ = {
			isa = XCBuildConfiguration;
			buildSettings = {
				ASSETCATALOG_COMPILER_APPICON_NAME = AppIcon;
				INFOPLIST_FILE = TrivialTableWithSections/Info.plist;
				LD_RUNPATH_SEARCH_PATHS = "$(inherited) @executable_path/Frameworks";
				PRODUCT_BUNDLE_IDENTIFIER = nyc.c4q.TrivialTableWithSections;
				PRODUCT_NAME = "$(TARGET_NAME)";
				SWIFT_VERSION = 3.0;
			};
			name = Release;
		};
/* End XCBuildConfiguration section */

/* Begin XCConfigurationList section */
		1E08189C1DE5FA36004B4E0D /* Build configuration list for PBXProject "TrivialTableWithSections" */ = {
			isa = XCConfigurationList;
			buildConfigurations = (
				1E0818B11DE5FA36004B4E0D /* Debug */,
				1E0818B21DE5FA36004B4E0D /* Release */,
			);
			defaultConfigurationIsVisible = 0;
			defaultConfigurationName = Release;
		};
		1E0818B31DE5FA36004B4E0D /* Build configuration list for PBXNativeTarget "TrivialTableWithSections" */ = {
			isa = XCConfigurationList;
			buildConfigurations = (
				1E0818B41DE5FA36004B4E0D /* Debug */,
				1E0818B51DE5FA36004B4E0D /* Release */,
			);
			defaultConfigurationIsVisible = 0;
		};
/* End XCConfigurationList section */
	};
	rootObject = 1E0818991DE5FA36004B4E0D /* Project object */;
}
