// !$*UTF8*$!
{
	archiveVersion = 1;
	classes = {
	};
	objectVersion = 48;
	objects = {

/* Begin PBXBuildFile section */
		141BFD381F0D3F8800D4533B /* CartItem.swift in Sources */ = {isa = PBXBuildFile; fileRef = 141BFD371F0D3F8800D4533B /* CartItem.swift */; };
		141BFD3A1F0D3F9700D4533B /* Cart.swift in Sources */ = {isa = PBXBuildFile; fileRef = 141BFD391F0D3F9700D4533B /* Cart.swift */; };
		141BFD3C1F0D3FA800D4533B /* CartStorageManager.swift in Sources */ = {isa = PBXBuildFile; fileRef = 141BFD3B1F0D3FA800D4533B /* CartStorageManager.swift */; };
		141BFD3E1F0D450600D4533B /* Info.plist in Resources */ = {isa = PBXBuildFile; fileRef = 141BFD3D1F0D450600D4533B /* Info.plist */; };
		14709F331F057A53002E5D2E /* AppDelegate.swift in Sources */ = {isa = PBXBuildFile; fileRef = 14709F321F057A53002E5D2E /* AppDelegate.swift */; };
		14709F351F057A53002E5D2E /* ViewController.swift in Sources */ = {isa = PBXBuildFile; fileRef = 14709F341F057A53002E5D2E /* ViewController.swift */; };
		14709F381F057A53002E5D2E /* Main.storyboard in Resources */ = {isa = PBXBuildFile; fileRef = 14709F361F057A53002E5D2E /* Main.storyboard */; };
		14709F3A1F057A53002E5D2E /* Assets.xcassets in Resources */ = {isa = PBXBuildFile; fileRef = 14709F391F057A53002E5D2E /* Assets.xcassets */; };
		14709F3D1F057A53002E5D2E /* LaunchScreen.storyboard in Resources */ = {isa = PBXBuildFile; fileRef = 14709F3B1F057A53002E5D2E /* LaunchScreen.storyboard */; };
		14709F481F057A53002E5D2E /* Codeable_and_UserDefaultsTests.swift in Sources */ = {isa = PBXBuildFile; fileRef = 14709F471F057A53002E5D2E /* Codeable_and_UserDefaultsTests.swift */; };
/* End PBXBuildFile section */

/* Begin PBXContainerItemProxy section */
		14709F441F057A53002E5D2E /* PBXContainerItemProxy */ = {
			isa = PBXContainerItemProxy;
			containerPortal = 14709F271F057A53002E5D2E /* Project object */;
			proxyType = 1;
			remoteGlobalIDString = 14709F2E1F057A53002E5D2E;
			remoteInfo = "Codeable and UserDefaults";
		};
/* End PBXContainerItemProxy section */

/* Begin PBXFileReference section */
		141BFD361F0D3F4800D4533B /* Default-568h@2x.png */ = {isa = PBXFileReference; lastKnownFileType = image.png; path = "Default-568h@2x.png"; sourceTree = "<group>"; };
		141BFD371F0D3F8800D4533B /* CartItem.swift */ = {isa = PBXFileReference; lastKnownFileType = sourcecode.swift; path = CartItem.swift; sourceTree = "<group>"; };
		141BFD391F0D3F9700D4533B /* Cart.swift */ = {isa = PBXFileReference; lastKnownFileType = sourcecode.swift; path = Cart.swift; sourceTree = "<group>"; };
		141BFD3B1F0D3FA800D4533B /* CartStorageManager.swift */ = {isa = PBXFileReference; lastKnownFileType = sourcecode.swift; path = CartStorageManager.swift; sourceTree = "<group>"; };
		141BFD3D1F0D450600D4533B /* Info.plist */ = {isa = PBXFileReference; lastKnownFileType = text.plist.xml; path = Info.plist; sourceTree = "<group>"; };
		14709F2F1F057A53002E5D2E /* Codeable and UserDefaults.app */ = {isa = PBXFileReference; explicitFileType = wrapper.application; includeInIndex = 0; path = "Codeable and UserDefaults.app"; sourceTree = BUILT_PRODUCTS_DIR; };
		14709F321F057A53002E5D2E /* AppDelegate.swift */ = {isa = PBXFileReference; lastKnownFileType = sourcecode.swift; path = AppDelegate.swift; sourceTree = "<group>"; };
		14709F341F057A53002E5D2E /* ViewController.swift */ = {isa = PBXFileReference; lastKnownFileType = sourcecode.swift; path = ViewController.swift; sourceTree = "<group>"; };
		14709F371F057A53002E5D2E /* Base */ = {isa = PBXFileReference; lastKnownFileType = file.storyboard; name = Base; path = Base.lproj/Main.storyboard; sourceTree = "<group>"; };
		14709F391F057A53002E5D2E /* Assets.xcassets */ = {isa = PBXFileReference; lastKnownFileType = folder.assetcatalog; path = Assets.xcassets; sourceTree = "<group>"; };
		14709F3C1F057A53002E5D2E /* Base */ = {isa = PBXFileReference; lastKnownFileType = file.storyboard; name = Base; path = Base.lproj/LaunchScreen.storyboard; sourceTree = "<group>"; };
		14709F431F057A53002E5D2E /* Codeable and UserDefaultsTests.xctest */ = {isa = PBXFileReference; explicitFileType = wrapper.cfbundle; includeInIndex = 0; path = "Codeable and UserDefaultsTests.xctest"; sourceTree = BUILT_PRODUCTS_DIR; };
		14709F471F057A53002E5D2E /* Codeable_and_UserDefaultsTests.swift */ = {isa = PBXFileReference; lastKnownFileType = sourcecode.swift; path = Codeable_and_UserDefaultsTests.swift; sourceTree = "<group>"; };
		14709F491F057A53002E5D2E /* Info.plist */ = {isa = PBXFileReference; lastKnownFileType = text.plist.xml; path = Info.plist; sourceTree = "<group>"; };
/* End PBXFileReference section */

/* Begin PBXFrameworksBuildPhase section */
		14709F2C1F057A53002E5D2E /* Frameworks */ = {
			isa = PBXFrameworksBuildPhase;
			buildActionMask = 2147483647;
			files = (
			);
			runOnlyForDeploymentPostprocessing = 0;
		};
		14709F401F057A53002E5D2E /* Frameworks */ = {
			isa = PBXFrameworksBuildPhase;
			buildActionMask = 2147483647;
			files = (
			);
			runOnlyForDeploymentPostprocessing = 0;
		};
/* End PBXFrameworksBuildPhase section */

/* Begin PBXGroup section */
		141BFD351F0D3F1700D4533B /* Supporting Files */ = {
			isa = PBXGroup;
			children = (
				14709F321F057A53002E5D2E /* AppDelegate.swift */,
				141BFD3D1F0D450600D4533B /* Info.plist */,
				141BFD361F0D3F4800D4533B /* Default-568h@2x.png */,
				14709F361F057A53002E5D2E /* Main.storyboard */,
				14709F391F057A53002E5D2E /* Assets.xcassets */,
				14709F3B1F057A53002E5D2E /* LaunchScreen.storyboard */,
			);
			path = "Supporting Files";
			sourceTree = "<group>";
		};
		14709F261F057A53002E5D2E = {
			isa = PBXGroup;
			children = (
				14709F311F057A53002E5D2E /* Codeable and UserDefaults */,
				14709F461F057A53002E5D2E /* Codeable and UserDefaultsTests */,
				14709F301F057A53002E5D2E /* Products */,
			);
			sourceTree = "<group>";
		};
		14709F301F057A53002E5D2E /* Products */ = {
			isa = PBXGroup;
			children = (
				14709F2F1F057A53002E5D2E /* Codeable and UserDefaults.app */,
				14709F431F057A53002E5D2E /* Codeable and UserDefaultsTests.xctest */,
			);
			name = Products;
			sourceTree = "<group>";
		};
		14709F311F057A53002E5D2E /* Codeable and UserDefaults */ = {
			isa = PBXGroup;
			children = (
				14709F341F057A53002E5D2E /* ViewController.swift */,
				141BFD371F0D3F8800D4533B /* CartItem.swift */,
				141BFD391F0D3F9700D4533B /* Cart.swift */,
				141BFD3B1F0D3FA800D4533B /* CartStorageManager.swift */,
				141BFD351F0D3F1700D4533B /* Supporting Files */,
			);
			path = "Codeable and UserDefaults";
			sourceTree = "<group>";
		};
		14709F461F057A53002E5D2E /* Codeable and UserDefaultsTests */ = {
			isa = PBXGroup;
			children = (
				14709F471F057A53002E5D2E /* Codeable_and_UserDefaultsTests.swift */,
				14709F491F057A53002E5D2E /* Info.plist */,
			);
			path = "Codeable and UserDefaultsTests";
			sourceTree = "<group>";
		};
/* End PBXGroup section */

/* Begin PBXNativeTarget section */
		14709F2E1F057A53002E5D2E /* Codeable and UserDefaults */ = {
			isa = PBXNativeTarget;
			buildConfigurationList = 14709F4C1F057A53002E5D2E /* Build configuration list for PBXNativeTarget "Codeable and UserDefaults" */;
			buildPhases = (
				14709F2B1F057A53002E5D2E /* Sources */,
				14709F2C1F057A53002E5D2E /* Frameworks */,
				14709F2D1F057A53002E5D2E /* Resources */,
			);
			buildRules = (
			);
			dependencies = (
			);
			name = "Codeable and UserDefaults";
			productName = "Codeable and UserDefaults";
			productReference = 14709F2F1F057A53002E5D2E /* Codeable and UserDefaults.app */;
			productType = "com.apple.product-type.application";
		};
		14709F421F057A53002E5D2E /* Codeable and UserDefaultsTests */ = {
			isa = PBXNativeTarget;
			buildConfigurationList = 14709F4F1F057A53002E5D2E /* Build configuration list for PBXNativeTarget "Codeable and UserDefaultsTests" */;
			buildPhases = (
				14709F3F1F057A53002E5D2E /* Sources */,
				14709F401F057A53002E5D2E /* Frameworks */,
				14709F411F057A53002E5D2E /* Resources */,
			);
			buildRules = (
			);
			dependencies = (
				14709F451F057A53002E5D2E /* PBXTargetDependency */,
			);
			name = "Codeable and UserDefaultsTests";
			productName = "Codeable and UserDefaultsTests";
			productReference = 14709F431F057A53002E5D2E /* Codeable and UserDefaultsTests.xctest */;
			productType = "com.apple.product-type.bundle.unit-test";
		};
/* End PBXNativeTarget section */

/* Begin PBXProject section */
		14709F271F057A53002E5D2E /* Project object */ = {
			isa = PBXProject;
			attributes = {
				LastSwiftUpdateCheck = 0900;
				LastUpgradeCheck = 0900;
				ORGANIZATIONNAME = AccessCode;
				TargetAttributes = {
					14709F2E1F057A53002E5D2E = {
						CreatedOnToolsVersion = 9.0;
					};
					14709F421F057A53002E5D2E = {
						CreatedOnToolsVersion = 9.0;
						TestTargetID = 14709F2E1F057A53002E5D2E;
					};
				};
			};
			buildConfigurationList = 14709F2A1F057A53002E5D2E /* Build configuration list for PBXProject "Codeable and UserDefaults" */;
			compatibilityVersion = "Xcode 8.0";
			developmentRegion = en;
			hasScannedForEncodings = 0;
			knownRegions = (
				en,
				Base,
			);
			mainGroup = 14709F261F057A53002E5D2E;
			productRefGroup = 14709F301F057A53002E5D2E /* Products */;
			projectDirPath = "";
			projectRoot = "";
			targets = (
				14709F2E1F057A53002E5D2E /* Codeable and UserDefaults */,
				14709F421F057A53002E5D2E /* Codeable and UserDefaultsTests */,
			);
		};
/* End PBXProject section */

/* Begin PBXResourcesBuildPhase section */
		14709F2D1F057A53002E5D2E /* Resources */ = {
			isa = PBXResourcesBuildPhase;
			buildActionMask = 2147483647;
			files = (
				141BFD3E1F0D450600D4533B /* Info.plist in Resources */,
				14709F3D1F057A53002E5D2E /* LaunchScreen.storyboard in Resources */,
				14709F3A1F057A53002E5D2E /* Assets.xcassets in Resources */,
				14709F381F057A53002E5D2E /* Main.storyboard in Resources */,
			);
			runOnlyForDeploymentPostprocessing = 0;
		};
		14709F411F057A53002E5D2E /* Resources */ = {
			isa = PBXResourcesBuildPhase;
			buildActionMask = 2147483647;
			files = (
			);
			runOnlyForDeploymentPostprocessing = 0;
		};
/* End PBXResourcesBuildPhase section */

/* Begin PBXSourcesBuildPhase section */
		14709F2B1F057A53002E5D2E /* Sources */ = {
			isa = PBXSourcesBuildPhase;
			buildActionMask = 2147483647;
			files = (
				14709F351F057A53002E5D2E /* ViewController.swift in Sources */,
				141BFD3C1F0D3FA800D4533B /* CartStorageManager.swift in Sources */,
				141BFD381F0D3F8800D4533B /* CartItem.swift in Sources */,
				14709F331F057A53002E5D2E /* AppDelegate.swift in Sources */,
				141BFD3A1F0D3F9700D4533B /* Cart.swift in Sources */,
			);
			runOnlyForDeploymentPostprocessing = 0;
		};
		14709F3F1F057A53002E5D2E /* Sources */ = {
			isa = PBXSourcesBuildPhase;
			buildActionMask = 2147483647;
			files = (
				14709F481F057A53002E5D2E /* Codeable_and_UserDefaultsTests.swift in Sources */,
			);
			runOnlyForDeploymentPostprocessing = 0;
		};
/* End PBXSourcesBuildPhase section */

/* Begin PBXTargetDependency section */
		14709F451F057A53002E5D2E /* PBXTargetDependency */ = {
			isa = PBXTargetDependency;
			target = 14709F2E1F057A53002E5D2E /* Codeable and UserDefaults */;
			targetProxy = 14709F441F057A53002E5D2E /* PBXContainerItemProxy */;
		};
/* End PBXTargetDependency section */

/* Begin PBXVariantGroup section */
		14709F361F057A53002E5D2E /* Main.storyboard */ = {
			isa = PBXVariantGroup;
			children = (
				14709F371F057A53002E5D2E /* Base */,
			);
			name = Main.storyboard;
			path = ..;
			sourceTree = "<group>";
		};
		14709F3B1F057A53002E5D2E /* LaunchScreen.storyboard */ = {
			isa = PBXVariantGroup;
			children = (
				14709F3C1F057A53002E5D2E /* Base */,
			);
			name = LaunchScreen.storyboard;
			path = ..;
			sourceTree = "<group>";
		};
/* End PBXVariantGroup section */

/* Begin XCBuildConfiguration section */
		14709F4A1F057A53002E5D2E /* Debug */ = {
			isa = XCBuildConfiguration;
			buildSettings = {
				ALWAYS_SEARCH_USER_PATHS = NO;
				CLANG_ANALYZER_NONNULL = YES;
				CLANG_ANALYZER_NUMBER_OBJECT_CONVERSION = YES_AGGRESSIVE;
				CLANG_CXX_LANGUAGE_STANDARD = "gnu++14";
				CLANG_CXX_LIBRARY = "libc++";
				CLANG_ENABLE_MODULES = YES;
				CLANG_ENABLE_OBJC_ARC = YES;
				CLANG_WARN_BLOCK_CAPTURE_AUTORELEASING = YES;
				CLANG_WARN_BOOL_CONVERSION = YES;
				CLANG_WARN_COMMA = YES;
				CLANG_WARN_CONSTANT_CONVERSION = YES;
				CLANG_WARN_DIRECT_OBJC_ISA_USAGE = YES_ERROR;
				CLANG_WARN_DOCUMENTATION_COMMENTS = YES;
				CLANG_WARN_EMPTY_BODY = YES;
				CLANG_WARN_ENUM_CONVERSION = YES;
				CLANG_WARN_INFINITE_RECURSION = YES;
				CLANG_WARN_INT_CONVERSION = YES;
				CLANG_WARN_OBJC_ROOT_CLASS = YES_ERROR;
				CLANG_WARN_RANGE_LOOP_ANALYSIS = YES;
				CLANG_WARN_STRICT_PROTOTYPES = YES;
				CLANG_WARN_SUSPICIOUS_MOVE = YES;
				CLANG_WARN_UNGUARDED_AVAILABILITY = YES_AGGRESSIVE;
				CLANG_WARN_UNREACHABLE_CODE = YES;
				CLANG_WARN__DUPLICATE_METHOD_MATCH = YES;
				CODE_SIGN_IDENTITY = "iPhone Developer";
				COPY_PHASE_STRIP = NO;
				DEBUG_INFORMATION_FORMAT = dwarf;
				ENABLE_STRICT_OBJC_MSGSEND = YES;
				ENABLE_TESTABILITY = YES;
				GCC_C_LANGUAGE_STANDARD = gnu11;
				GCC_DYNAMIC_NO_PIC = NO;
				GCC_NO_COMMON_BLOCKS = YES;
				GCC_OPTIMIZATION_LEVEL = 0;
				GCC_PREPROCESSOR_DEFINITIONS = (
					"DEBUG=1",
					"$(inherited)",
				);
				GCC_WARN_64_TO_32_BIT_CONVERSION = YES;
				GCC_WARN_ABOUT_RETURN_TYPE = YES_ERROR;
				GCC_WARN_UNDECLARED_SELECTOR = YES;
				GCC_WARN_UNINITIALIZED_AUTOS = YES_AGGRESSIVE;
				GCC_WARN_UNUSED_FUNCTION = YES;
				GCC_WARN_UNUSED_VARIABLE = YES;
				IPHONEOS_DEPLOYMENT_TARGET = 11.0;
				MTL_ENABLE_DEBUG_INFO = YES;
				ONLY_ACTIVE_ARCH = YES;
				SDKROOT = iphoneos;
				SWIFT_ACTIVE_COMPILATION_CONDITIONS = DEBUG;
				SWIFT_OPTIMIZATION_LEVEL = "-Onone";
			};
			name = Debug;
		};
		14709F4B1F057A53002E5D2E /* Release */ = {
			isa = XCBuildConfiguration;
			buildSettings = {
				ALWAYS_SEARCH_USER_PATHS = NO;
				CLANG_ANALYZER_NONNULL = YES;
				CLANG_ANALYZER_NUMBER_OBJECT_CONVERSION = YES_AGGRESSIVE;
				CLANG_CXX_LANGUAGE_STANDARD = "gnu++14";
				CLANG_CXX_LIBRARY = "libc++";
				CLANG_ENABLE_MODULES = YES;
				CLANG_ENABLE_OBJC_ARC = YES;
				CLANG_WARN_BLOCK_CAPTURE_AUTORELEASING = YES;
				CLANG_WARN_BOOL_CONVERSION = YES;
				CLANG_WARN_COMMA = YES;
				CLANG_WARN_CONSTANT_CONVERSION = YES;
				CLANG_WARN_DIRECT_OBJC_ISA_USAGE = YES_ERROR;
				CLANG_WARN_DOCUMENTATION_COMMENTS = YES;
				CLANG_WARN_EMPTY_BODY = YES;
				CLANG_WARN_ENUM_CONVERSION = YES;
				CLANG_WARN_INFINITE_RECURSION = YES;
				CLANG_WARN_INT_CONVERSION = YES;
				CLANG_WARN_OBJC_ROOT_CLASS = YES_ERROR;
				CLANG_WARN_RANGE_LOOP_ANALYSIS = YES;
				CLANG_WARN_STRICT_PROTOTYPES = YES;
				CLANG_WARN_SUSPICIOUS_MOVE = YES;
				CLANG_WARN_UNGUARDED_AVAILABILITY = YES_AGGRESSIVE;
				CLANG_WARN_UNREACHABLE_CODE = YES;
				CLANG_WARN__DUPLICATE_METHOD_MATCH = YES;
				CODE_SIGN_IDENTITY = "iPhone Developer";
				COPY_PHASE_STRIP = NO;
				DEBUG_INFORMATION_FORMAT = "dwarf-with-dsym";
				ENABLE_NS_ASSERTIONS = NO;
				ENABLE_STRICT_OBJC_MSGSEND = YES;
				GCC_C_LANGUAGE_STANDARD = gnu11;
				GCC_NO_COMMON_BLOCKS = YES;
				GCC_WARN_64_TO_32_BIT_CONVERSION = YES;
				GCC_WARN_ABOUT_RETURN_TYPE = YES_ERROR;
				GCC_WARN_UNDECLARED_SELECTOR = YES;
				GCC_WARN_UNINITIALIZED_AUTOS = YES_AGGRESSIVE;
				GCC_WARN_UNUSED_FUNCTION = YES;
				GCC_WARN_UNUSED_VARIABLE = YES;
				IPHONEOS_DEPLOYMENT_TARGET = 11.0;
				MTL_ENABLE_DEBUG_INFO = NO;
				SDKROOT = iphoneos;
				SWIFT_OPTIMIZATION_LEVEL = "-Owholemodule";
				VALIDATE_PRODUCT = YES;
			};
			name = Release;
		};
		14709F4D1F057A53002E5D2E /* Debug */ = {
			isa = XCBuildConfiguration;
			buildSettings = {
				ASSETCATALOG_COMPILER_APPICON_NAME = AppIcon;
				INFOPLIST_FILE = "$(SRCROOT)/Codeable and UserDefaults/Supporting Files/Info.plist";
				LD_RUNPATH_SEARCH_PATHS = "$(inherited) @executable_path/Frameworks";
				PRODUCT_BUNDLE_IDENTIFIER = "nyc.accesscode.Codeable-and-UserDefaults";
				PRODUCT_NAME = "$(TARGET_NAME)";
				SWIFT_VERSION = 4.0;
				TARGETED_DEVICE_FAMILY = 1;
			};
			name = Debug;
		};
		14709F4E1F057A53002E5D2E /* Release */ = {
			isa = XCBuildConfiguration;
			buildSettings = {
				ASSETCATALOG_COMPILER_APPICON_NAME = AppIcon;
				INFOPLIST_FILE = "$(SRCROOT)/Codeable and UserDefaults/Supporting Files/Info.plist";
				LD_RUNPATH_SEARCH_PATHS = "$(inherited) @executable_path/Frameworks";
				PRODUCT_BUNDLE_IDENTIFIER = "nyc.accesscode.Codeable-and-UserDefaults";
				PRODUCT_NAME = "$(TARGET_NAME)";
				SWIFT_VERSION = 4.0;
				TARGETED_DEVICE_FAMILY = 1;
			};
			name = Release;
		};
		14709F501F057A53002E5D2E /* Debug */ = {
			isa = XCBuildConfiguration;
			buildSettings = {
				ALWAYS_EMBED_SWIFT_STANDARD_LIBRARIES = YES;
				BUNDLE_LOADER = "$(TEST_HOST)";
				INFOPLIST_FILE = "Codeable and UserDefaultsTests/Info.plist";
				LD_RUNPATH_SEARCH_PATHS = "$(inherited) @executable_path/Frameworks @loader_path/Frameworks";
				PRODUCT_BUNDLE_IDENTIFIER = "nyc.accesscode.Codeable-and-UserDefaultsTests";
				PRODUCT_NAME = "$(TARGET_NAME)";
				SWIFT_VERSION = 4.0;
				TARGETED_DEVICE_FAMILY = "1,2";
				TEST_HOST = "$(BUILT_PRODUCTS_DIR)/Codeable and UserDefaults.app/Codeable and UserDefaults";
			};
			name = Debug;
		};
		14709F511F057A53002E5D2E /* Release */ = {
			isa = XCBuildConfiguration;
			buildSettings = {
				ALWAYS_EMBED_SWIFT_STANDARD_LIBRARIES = YES;
				BUNDLE_LOADER = "$(TEST_HOST)";
				INFOPLIST_FILE = "Codeable and UserDefaultsTests/Info.plist";
				LD_RUNPATH_SEARCH_PATHS = "$(inherited) @executable_path/Frameworks @loader_path/Frameworks";
				PRODUCT_BUNDLE_IDENTIFIER = "nyc.accesscode.Codeable-and-UserDefaultsTests";
				PRODUCT_NAME = "$(TARGET_NAME)";
				SWIFT_VERSION = 4.0;
				TARGETED_DEVICE_FAMILY = "1,2";
				TEST_HOST = "$(BUILT_PRODUCTS_DIR)/Codeable and UserDefaults.app/Codeable and UserDefaults";
			};
			name = Release;
		};
/* End XCBuildConfiguration section */

/* Begin XCConfigurationList section */
		14709F2A1F057A53002E5D2E /* Build configuration list for PBXProject "Codeable and UserDefaults" */ = {
			isa = XCConfigurationList;
			buildConfigurations = (
				14709F4A1F057A53002E5D2E /* Debug */,
				14709F4B1F057A53002E5D2E /* Release */,
			);
			defaultConfigurationIsVisible = 0;
			defaultConfigurationName = Release;
		};
		14709F4C1F057A53002E5D2E /* Build configuration list for PBXNativeTarget "Codeable and UserDefaults" */ = {
			isa = XCConfigurationList;
			buildConfigurations = (
				14709F4D1F057A53002E5D2E /* Debug */,
				14709F4E1F057A53002E5D2E /* Release */,
			);
			defaultConfigurationIsVisible = 0;
			defaultConfigurationName = Release;
		};
		14709F4F1F057A53002E5D2E /* Build configuration list for PBXNativeTarget "Codeable and UserDefaultsTests" */ = {
			isa = XCConfigurationList;
			buildConfigurations = (
				14709F501F057A53002E5D2E /* Debug */,
				14709F511F057A53002E5D2E /* Release */,
			);
			defaultConfigurationIsVisible = 0;
			defaultConfigurationName = Release;
		};
/* End XCConfigurationList section */
	};
	rootObject = 14709F271F057A53002E5D2E /* Project object */;
}
