// !$*UTF8*$!
{
	archiveVersion = 1;
	classes = {
	};
	objectVersion = 50;
	objects = {

/* Begin PBXBuildFile section */
		54F9038722EF3BC200E3724C /* AppDelegate.swift in Sources */ = {isa = PBXBuildFile; fileRef = 54F9038622EF3BC200E3724C /* AppDelegate.swift */; };
		54F9038922EF3BC200E3724C /* ViewController.swift in Sources */ = {isa = PBXBuildFile; fileRef = 54F9038822EF3BC200E3724C /* ViewController.swift */; };
		54F9038C22EF3BC200E3724C /* Main.storyboard in Resources */ = {isa = PBXBuildFile; fileRef = 54F9038A22EF3BC200E3724C /* Main.storyboard */; };
		54F9038E22EF3BC400E3724C /* Assets.xcassets in Resources */ = {isa = PBXBuildFile; fileRef = 54F9038D22EF3BC400E3724C /* Assets.xcassets */; };
		54F9039122EF3BC400E3724C /* LaunchScreen.storyboard in Resources */ = {isa = PBXBuildFile; fileRef = 54F9038F22EF3BC400E3724C /* LaunchScreen.storyboard */; };
		54F9039C22EF3BC400E3724C /* My_First_AppTests.swift in Sources */ = {isa = PBXBuildFile; fileRef = 54F9039B22EF3BC400E3724C /* My_First_AppTests.swift */; };
		54F903A722EF3BC400E3724C /* My_First_AppUITests.swift in Sources */ = {isa = PBXBuildFile; fileRef = 54F903A622EF3BC400E3724C /* My_First_AppUITests.swift */; };
/* End PBXBuildFile section */

/* Begin PBXContainerItemProxy section */
		54F9039822EF3BC400E3724C /* PBXContainerItemProxy */ = {
			isa = PBXContainerItemProxy;
			containerPortal = 54F9037B22EF3BC200E3724C /* Project object */;
			proxyType = 1;
			remoteGlobalIDString = 54F9038222EF3BC200E3724C;
			remoteInfo = "My-First-App";
		};
		54F903A322EF3BC400E3724C /* PBXContainerItemProxy */ = {
			isa = PBXContainerItemProxy;
			containerPortal = 54F9037B22EF3BC200E3724C /* Project object */;
			proxyType = 1;
			remoteGlobalIDString = 54F9038222EF3BC200E3724C;
			remoteInfo = "My-First-App";
		};
/* End PBXContainerItemProxy section */

/* Begin PBXFileReference section */
		54F9038322EF3BC200E3724C /* My-First-App.app */ = {isa = PBXFileReference; explicitFileType = wrapper.application; includeInIndex = 0; path = "My-First-App.app"; sourceTree = BUILT_PRODUCTS_DIR; };
		54F9038622EF3BC200E3724C /* AppDelegate.swift */ = {isa = PBXFileReference; lastKnownFileType = sourcecode.swift; path = AppDelegate.swift; sourceTree = "<group>"; };
		54F9038822EF3BC200E3724C /* ViewController.swift */ = {isa = PBXFileReference; lastKnownFileType = sourcecode.swift; path = ViewController.swift; sourceTree = "<group>"; };
		54F9038B22EF3BC200E3724C /* Base */ = {isa = PBXFileReference; lastKnownFileType = file.storyboard; name = Base; path = Base.lproj/Main.storyboard; sourceTree = "<group>"; };
		54F9038D22EF3BC400E3724C /* Assets.xcassets */ = {isa = PBXFileReference; lastKnownFileType = folder.assetcatalog; path = Assets.xcassets; sourceTree = "<group>"; };
		54F9039022EF3BC400E3724C /* Base */ = {isa = PBXFileReference; lastKnownFileType = file.storyboard; name = Base; path = Base.lproj/LaunchScreen.storyboard; sourceTree = "<group>"; };
		54F9039222EF3BC400E3724C /* Info.plist */ = {isa = PBXFileReference; lastKnownFileType = text.plist.xml; path = Info.plist; sourceTree = "<group>"; };
		54F9039722EF3BC400E3724C /* My-First-AppTests.xctest */ = {isa = PBXFileReference; explicitFileType = wrapper.cfbundle; includeInIndex = 0; path = "My-First-AppTests.xctest"; sourceTree = BUILT_PRODUCTS_DIR; };
		54F9039B22EF3BC400E3724C /* My_First_AppTests.swift */ = {isa = PBXFileReference; lastKnownFileType = sourcecode.swift; path = My_First_AppTests.swift; sourceTree = "<group>"; };
		54F9039D22EF3BC400E3724C /* Info.plist */ = {isa = PBXFileReference; lastKnownFileType = text.plist.xml; path = Info.plist; sourceTree = "<group>"; };
		54F903A222EF3BC400E3724C /* My-First-AppUITests.xctest */ = {isa = PBXFileReference; explicitFileType = wrapper.cfbundle; includeInIndex = 0; path = "My-First-AppUITests.xctest"; sourceTree = BUILT_PRODUCTS_DIR; };
		54F903A622EF3BC400E3724C /* My_First_AppUITests.swift */ = {isa = PBXFileReference; lastKnownFileType = sourcecode.swift; path = My_First_AppUITests.swift; sourceTree = "<group>"; };
		54F903A822EF3BC400E3724C /* Info.plist */ = {isa = PBXFileReference; lastKnownFileType = text.plist.xml; path = Info.plist; sourceTree = "<group>"; };
/* End PBXFileReference section */

/* Begin PBXFrameworksBuildPhase section */
		54F9038022EF3BC200E3724C /* Frameworks */ = {
			isa = PBXFrameworksBuildPhase;
			buildActionMask = 2147483647;
			files = (
			);
			runOnlyForDeploymentPostprocessing = 0;
		};
		54F9039422EF3BC400E3724C /* Frameworks */ = {
			isa = PBXFrameworksBuildPhase;
			buildActionMask = 2147483647;
			files = (
			);
			runOnlyForDeploymentPostprocessing = 0;
		};
		54F9039F22EF3BC400E3724C /* Frameworks */ = {
			isa = PBXFrameworksBuildPhase;
			buildActionMask = 2147483647;
			files = (
			);
			runOnlyForDeploymentPostprocessing = 0;
		};
/* End PBXFrameworksBuildPhase section */

/* Begin PBXGroup section */
		54F9037A22EF3BC200E3724C = {
			isa = PBXGroup;
			children = (
				54F9038522EF3BC200E3724C /* My-First-App */,
				54F9039A22EF3BC400E3724C /* My-First-AppTests */,
				54F903A522EF3BC400E3724C /* My-First-AppUITests */,
				54F9038422EF3BC200E3724C /* Products */,
			);
			sourceTree = "<group>";
		};
		54F9038422EF3BC200E3724C /* Products */ = {
			isa = PBXGroup;
			children = (
				54F9038322EF3BC200E3724C /* My-First-App.app */,
				54F9039722EF3BC400E3724C /* My-First-AppTests.xctest */,
				54F903A222EF3BC400E3724C /* My-First-AppUITests.xctest */,
			);
			name = Products;
			sourceTree = "<group>";
		};
		54F9038522EF3BC200E3724C /* My-First-App */ = {
			isa = PBXGroup;
			children = (
				54F903B422EF3CAC00E3724C /* Supporting Files */,
				54F9038822EF3BC200E3724C /* ViewController.swift */,
				54F9038A22EF3BC200E3724C /* Main.storyboard */,
				54F9038D22EF3BC400E3724C /* Assets.xcassets */,
				54F9039222EF3BC400E3724C /* Info.plist */,
			);
			path = "My-First-App";
			sourceTree = "<group>";
		};
		54F9039A22EF3BC400E3724C /* My-First-AppTests */ = {
			isa = PBXGroup;
			children = (
				54F9039B22EF3BC400E3724C /* My_First_AppTests.swift */,
				54F9039D22EF3BC400E3724C /* Info.plist */,
			);
			path = "My-First-AppTests";
			sourceTree = "<group>";
		};
		54F903A522EF3BC400E3724C /* My-First-AppUITests */ = {
			isa = PBXGroup;
			children = (
				54F903A622EF3BC400E3724C /* My_First_AppUITests.swift */,
				54F903A822EF3BC400E3724C /* Info.plist */,
			);
			path = "My-First-AppUITests";
			sourceTree = "<group>";
		};
		54F903B422EF3CAC00E3724C /* Supporting Files */ = {
			isa = PBXGroup;
			children = (
				54F9038622EF3BC200E3724C /* AppDelegate.swift */,
				54F9038F22EF3BC400E3724C /* LaunchScreen.storyboard */,
			);
			path = "Supporting Files";
			sourceTree = "<group>";
		};
/* End PBXGroup section */

/* Begin PBXNativeTarget section */
		54F9038222EF3BC200E3724C /* My-First-App */ = {
			isa = PBXNativeTarget;
			buildConfigurationList = 54F903AB22EF3BC400E3724C /* Build configuration list for PBXNativeTarget "My-First-App" */;
			buildPhases = (
				54F9037F22EF3BC200E3724C /* Sources */,
				54F9038022EF3BC200E3724C /* Frameworks */,
				54F9038122EF3BC200E3724C /* Resources */,
			);
			buildRules = (
			);
			dependencies = (
			);
			name = "My-First-App";
			productName = "My-First-App";
			productReference = 54F9038322EF3BC200E3724C /* My-First-App.app */;
			productType = "com.apple.product-type.application";
		};
		54F9039622EF3BC400E3724C /* My-First-AppTests */ = {
			isa = PBXNativeTarget;
			buildConfigurationList = 54F903AE22EF3BC400E3724C /* Build configuration list for PBXNativeTarget "My-First-AppTests" */;
			buildPhases = (
				54F9039322EF3BC400E3724C /* Sources */,
				54F9039422EF3BC400E3724C /* Frameworks */,
				54F9039522EF3BC400E3724C /* Resources */,
			);
			buildRules = (
			);
			dependencies = (
				54F9039922EF3BC400E3724C /* PBXTargetDependency */,
			);
			name = "My-First-AppTests";
			productName = "My-First-AppTests";
			productReference = 54F9039722EF3BC400E3724C /* My-First-AppTests.xctest */;
			productType = "com.apple.product-type.bundle.unit-test";
		};
		54F903A122EF3BC400E3724C /* My-First-AppUITests */ = {
			isa = PBXNativeTarget;
			buildConfigurationList = 54F903B122EF3BC400E3724C /* Build configuration list for PBXNativeTarget "My-First-AppUITests" */;
			buildPhases = (
				54F9039E22EF3BC400E3724C /* Sources */,
				54F9039F22EF3BC400E3724C /* Frameworks */,
				54F903A022EF3BC400E3724C /* Resources */,
			);
			buildRules = (
			);
			dependencies = (
				54F903A422EF3BC400E3724C /* PBXTargetDependency */,
			);
			name = "My-First-AppUITests";
			productName = "My-First-AppUITests";
			productReference = 54F903A222EF3BC400E3724C /* My-First-AppUITests.xctest */;
			productType = "com.apple.product-type.bundle.ui-testing";
		};
/* End PBXNativeTarget section */

/* Begin PBXProject section */
		54F9037B22EF3BC200E3724C /* Project object */ = {
			isa = PBXProject;
			attributes = {
				LastSwiftUpdateCheck = 1020;
				LastUpgradeCheck = 1020;
				ORGANIZATIONNAME = "David Rifkin";
				TargetAttributes = {
					54F9038222EF3BC200E3724C = {
						CreatedOnToolsVersion = 10.2.1;
					};
					54F9039622EF3BC400E3724C = {
						CreatedOnToolsVersion = 10.2.1;
						TestTargetID = 54F9038222EF3BC200E3724C;
					};
					54F903A122EF3BC400E3724C = {
						CreatedOnToolsVersion = 10.2.1;
						TestTargetID = 54F9038222EF3BC200E3724C;
					};
				};
			};
			buildConfigurationList = 54F9037E22EF3BC200E3724C /* Build configuration list for PBXProject "My-First-App" */;
			compatibilityVersion = "Xcode 9.3";
			developmentRegion = en;
			hasScannedForEncodings = 0;
			knownRegions = (
				en,
				Base,
			);
			mainGroup = 54F9037A22EF3BC200E3724C;
			productRefGroup = 54F9038422EF3BC200E3724C /* Products */;
			projectDirPath = "";
			projectRoot = "";
			targets = (
				54F9038222EF3BC200E3724C /* My-First-App */,
				54F9039622EF3BC400E3724C /* My-First-AppTests */,
				54F903A122EF3BC400E3724C /* My-First-AppUITests */,
			);
		};
/* End PBXProject section */

/* Begin PBXResourcesBuildPhase section */
		54F9038122EF3BC200E3724C /* Resources */ = {
			isa = PBXResourcesBuildPhase;
			buildActionMask = 2147483647;
			files = (
				54F9039122EF3BC400E3724C /* LaunchScreen.storyboard in Resources */,
				54F9038E22EF3BC400E3724C /* Assets.xcassets in Resources */,
				54F9038C22EF3BC200E3724C /* Main.storyboard in Resources */,
			);
			runOnlyForDeploymentPostprocessing = 0;
		};
		54F9039522EF3BC400E3724C /* Resources */ = {
			isa = PBXResourcesBuildPhase;
			buildActionMask = 2147483647;
			files = (
			);
			runOnlyForDeploymentPostprocessing = 0;
		};
		54F903A022EF3BC400E3724C /* Resources */ = {
			isa = PBXResourcesBuildPhase;
			buildActionMask = 2147483647;
			files = (
			);
			runOnlyForDeploymentPostprocessing = 0;
		};
/* End PBXResourcesBuildPhase section */

/* Begin PBXSourcesBuildPhase section */
		54F9037F22EF3BC200E3724C /* Sources */ = {
			isa = PBXSourcesBuildPhase;
			buildActionMask = 2147483647;
			files = (
				54F9038922EF3BC200E3724C /* ViewController.swift in Sources */,
				54F9038722EF3BC200E3724C /* AppDelegate.swift in Sources */,
			);
			runOnlyForDeploymentPostprocessing = 0;
		};
		54F9039322EF3BC400E3724C /* Sources */ = {
			isa = PBXSourcesBuildPhase;
			buildActionMask = 2147483647;
			files = (
				54F9039C22EF3BC400E3724C /* My_First_AppTests.swift in Sources */,
			);
			runOnlyForDeploymentPostprocessing = 0;
		};
		54F9039E22EF3BC400E3724C /* Sources */ = {
			isa = PBXSourcesBuildPhase;
			buildActionMask = 2147483647;
			files = (
				54F903A722EF3BC400E3724C /* My_First_AppUITests.swift in Sources */,
			);
			runOnlyForDeploymentPostprocessing = 0;
		};
/* End PBXSourcesBuildPhase section */

/* Begin PBXTargetDependency section */
		54F9039922EF3BC400E3724C /* PBXTargetDependency */ = {
			isa = PBXTargetDependency;
			target = 54F9038222EF3BC200E3724C /* My-First-App */;
			targetProxy = 54F9039822EF3BC400E3724C /* PBXContainerItemProxy */;
		};
		54F903A422EF3BC400E3724C /* PBXTargetDependency */ = {
			isa = PBXTargetDependency;
			target = 54F9038222EF3BC200E3724C /* My-First-App */;
			targetProxy = 54F903A322EF3BC400E3724C /* PBXContainerItemProxy */;
		};
/* End PBXTargetDependency section */

/* Begin PBXVariantGroup section */
		54F9038A22EF3BC200E3724C /* Main.storyboard */ = {
			isa = PBXVariantGroup;
			children = (
				54F9038B22EF3BC200E3724C /* Base */,
			);
			name = Main.storyboard;
			sourceTree = "<group>";
		};
		54F9038F22EF3BC400E3724C /* LaunchScreen.storyboard */ = {
			isa = PBXVariantGroup;
			children = (
				54F9039022EF3BC400E3724C /* Base */,
			);
			name = LaunchScreen.storyboard;
			sourceTree = "<group>";
		};
/* End PBXVariantGroup section */

/* Begin XCBuildConfiguration section */
		54F903A922EF3BC400E3724C /* Debug */ = {
			isa = XCBuildConfiguration;
			buildSettings = {
				ALWAYS_SEARCH_USER_PATHS = NO;
				CLANG_ANALYZER_NONNULL = YES;
				CLANG_ANALYZER_NUMBER_OBJECT_CONVERSION = YES_AGGRESSIVE;
				CLANG_CXX_LANGUAGE_STANDARD = "gnu++14";
				CLANG_CXX_LIBRARY = "libc++";
				CLANG_ENABLE_MODULES = YES;
				CLANG_ENABLE_OBJC_ARC = YES;
				CLANG_ENABLE_OBJC_WEAK = YES;
				CLANG_WARN_BLOCK_CAPTURE_AUTORELEASING = YES;
				CLANG_WARN_BOOL_CONVERSION = YES;
				CLANG_WARN_COMMA = YES;
				CLANG_WARN_CONSTANT_CONVERSION = YES;
				CLANG_WARN_DEPRECATED_OBJC_IMPLEMENTATIONS = YES;
				CLANG_WARN_DIRECT_OBJC_ISA_USAGE = YES_ERROR;
				CLANG_WARN_DOCUMENTATION_COMMENTS = YES;
				CLANG_WARN_EMPTY_BODY = YES;
				CLANG_WARN_ENUM_CONVERSION = YES;
				CLANG_WARN_INFINITE_RECURSION = YES;
				CLANG_WARN_INT_CONVERSION = YES;
				CLANG_WARN_NON_LITERAL_NULL_CONVERSION = YES;
				CLANG_WARN_OBJC_IMPLICIT_RETAIN_SELF = YES;
				CLANG_WARN_OBJC_LITERAL_CONVERSION = YES;
				CLANG_WARN_OBJC_ROOT_CLASS = YES_ERROR;
				CLANG_WARN_RANGE_LOOP_ANALYSIS = YES;
				CLANG_WARN_STRICT_PROTOTYPES = YES;
				CLANG_WARN_SUSPICIOUS_MOVE = YES;
				CLANG_WARN_UNGUARDED_AVAILABILITY = YES_AGGRESSIVE;
				CLANG_WARN_UNREACHABLE_CODE = YES;
				CLANG_WARN__DUPLICATE_METHOD_MATCH = YES;
				CODE_SIGN_IDENTITY = "iPhone Developer";
				COPY_PHASE_STRIP = NO;
				DEBUG_INFORMATION_FORMAT = dwarf;
				ENABLE_STRICT_OBJC_MSGSEND = YES;
				ENABLE_TESTABILITY = YES;
				GCC_C_LANGUAGE_STANDARD = gnu11;
				GCC_DYNAMIC_NO_PIC = NO;
				GCC_NO_COMMON_BLOCKS = YES;
				GCC_OPTIMIZATION_LEVEL = 0;
				GCC_PREPROCESSOR_DEFINITIONS = (
					"DEBUG=1",
					"$(inherited)",
				);
				GCC_WARN_64_TO_32_BIT_CONVERSION = YES;
				GCC_WARN_ABOUT_RETURN_TYPE = YES_ERROR;
				GCC_WARN_UNDECLARED_SELECTOR = YES;
				GCC_WARN_UNINITIALIZED_AUTOS = YES_AGGRESSIVE;
				GCC_WARN_UNUSED_FUNCTION = YES;
				GCC_WARN_UNUSED_VARIABLE = YES;
				IPHONEOS_DEPLOYMENT_TARGET = 12.2;
				MTL_ENABLE_DEBUG_INFO = INCLUDE_SOURCE;
				MTL_FAST_MATH = YES;
				ONLY_ACTIVE_ARCH = YES;
				SDKROOT = iphoneos;
				SWIFT_ACTIVE_COMPILATION_CONDITIONS = DEBUG;
				SWIFT_OPTIMIZATION_LEVEL = "-Onone";
			};
			name = Debug;
		};
		54F903AA22EF3BC400E3724C /* Release */ = {
			isa = XCBuildConfiguration;
			buildSettings = {
				ALWAYS_SEARCH_USER_PATHS = NO;
				CLANG_ANALYZER_NONNULL = YES;
				CLANG_ANALYZER_NUMBER_OBJECT_CONVERSION = YES_AGGRESSIVE;
				CLANG_CXX_LANGUAGE_STANDARD = "gnu++14";
				CLANG_CXX_LIBRARY = "libc++";
				CLANG_ENABLE_MODULES = YES;
				CLANG_ENABLE_OBJC_ARC = YES;
				CLANG_ENABLE_OBJC_WEAK = YES;
				CLANG_WARN_BLOCK_CAPTURE_AUTORELEASING = YES;
				CLANG_WARN_BOOL_CONVERSION = YES;
				CLANG_WARN_COMMA = YES;
				CLANG_WARN_CONSTANT_CONVERSION = YES;
				CLANG_WARN_DEPRECATED_OBJC_IMPLEMENTATIONS = YES;
				CLANG_WARN_DIRECT_OBJC_ISA_USAGE = YES_ERROR;
				CLANG_WARN_DOCUMENTATION_COMMENTS = YES;
				CLANG_WARN_EMPTY_BODY = YES;
				CLANG_WARN_ENUM_CONVERSION = YES;
				CLANG_WARN_INFINITE_RECURSION = YES;
				CLANG_WARN_INT_CONVERSION = YES;
				CLANG_WARN_NON_LITERAL_NULL_CONVERSION = YES;
				CLANG_WARN_OBJC_IMPLICIT_RETAIN_SELF = YES;
				CLANG_WARN_OBJC_LITERAL_CONVERSION = YES;
				CLANG_WARN_OBJC_ROOT_CLASS = YES_ERROR;
				CLANG_WARN_RANGE_LOOP_ANALYSIS = YES;
				CLANG_WARN_STRICT_PROTOTYPES = YES;
				CLANG_WARN_SUSPICIOUS_MOVE = YES;
				CLANG_WARN_UNGUARDED_AVAILABILITY = YES_AGGRESSIVE;
				CLANG_WARN_UNREACHABLE_CODE = YES;
				CLANG_WARN__DUPLICATE_METHOD_MATCH = YES;
				CODE_SIGN_IDENTITY = "iPhone Developer";
				COPY_PHASE_STRIP = NO;
				DEBUG_INFORMATION_FORMAT = "dwarf-with-dsym";
				ENABLE_NS_ASSERTIONS = NO;
				ENABLE_STRICT_OBJC_MSGSEND = YES;
				GCC_C_LANGUAGE_STANDARD = gnu11;
				GCC_NO_COMMON_BLOCKS = YES;
				GCC_WARN_64_TO_32_BIT_CONVERSION = YES;
				GCC_WARN_ABOUT_RETURN_TYPE = YES_ERROR;
				GCC_WARN_UNDECLARED_SELECTOR = YES;
				GCC_WARN_UNINITIALIZED_AUTOS = YES_AGGRESSIVE;
				GCC_WARN_UNUSED_FUNCTION = YES;
				GCC_WARN_UNUSED_VARIABLE = YES;
				IPHONEOS_DEPLOYMENT_TARGET = 12.2;
				MTL_ENABLE_DEBUG_INFO = NO;
				MTL_FAST_MATH = YES;
				SDKROOT = iphoneos;
				SWIFT_COMPILATION_MODE = wholemodule;
				SWIFT_OPTIMIZATION_LEVEL = "-O";
				VALIDATE_PRODUCT = YES;
			};
			name = Release;
		};
		54F903AC22EF3BC400E3724C /* Debug */ = {
			isa = XCBuildConfiguration;
			buildSettings = {
				ASSETCATALOG_COMPILER_APPICON_NAME = AppIcon;
				CODE_SIGN_STYLE = Automatic;
				INFOPLIST_FILE = "My-First-App/Info.plist";
				LD_RUNPATH_SEARCH_PATHS = (
					"$(inherited)",
					"@executable_path/Frameworks",
				);
				PRODUCT_BUNDLE_IDENTIFIER = "sixpointone.My-First-App";
				PRODUCT_NAME = "$(TARGET_NAME)";
				SWIFT_VERSION = 5.0;
				TARGETED_DEVICE_FAMILY = "1,2";
			};
			name = Debug;
		};
		54F903AD22EF3BC400E3724C /* Release */ = {
			isa = XCBuildConfiguration;
			buildSettings = {
				ASSETCATALOG_COMPILER_APPICON_NAME = AppIcon;
				CODE_SIGN_STYLE = Automatic;
				INFOPLIST_FILE = "My-First-App/Info.plist";
				LD_RUNPATH_SEARCH_PATHS = (
					"$(inherited)",
					"@executable_path/Frameworks",
				);
				PRODUCT_BUNDLE_IDENTIFIER = "sixpointone.My-First-App";
				PRODUCT_NAME = "$(TARGET_NAME)";
				SWIFT_VERSION = 5.0;
				TARGETED_DEVICE_FAMILY = "1,2";
			};
			name = Release;
		};
		54F903AF22EF3BC400E3724C /* Debug */ = {
			isa = XCBuildConfiguration;
			buildSettings = {
				ALWAYS_EMBED_SWIFT_STANDARD_LIBRARIES = YES;
				BUNDLE_LOADER = "$(TEST_HOST)";
				CODE_SIGN_STYLE = Automatic;
				INFOPLIST_FILE = "My-First-AppTests/Info.plist";
				LD_RUNPATH_SEARCH_PATHS = (
					"$(inherited)",
					"@executable_path/Frameworks",
					"@loader_path/Frameworks",
				);
				PRODUCT_BUNDLE_IDENTIFIER = "sixpointone.My-First-AppTests";
				PRODUCT_NAME = "$(TARGET_NAME)";
				SWIFT_VERSION = 5.0;
				TARGETED_DEVICE_FAMILY = "1,2";
				TEST_HOST = "$(BUILT_PRODUCTS_DIR)/My-First-App.app/My-First-App";
			};
			name = Debug;
		};
		54F903B022EF3BC400E3724C /* Release */ = {
			isa = XCBuildConfiguration;
			buildSettings = {
				ALWAYS_EMBED_SWIFT_STANDARD_LIBRARIES = YES;
				BUNDLE_LOADER = "$(TEST_HOST)";
				CODE_SIGN_STYLE = Automatic;
				INFOPLIST_FILE = "My-First-AppTests/Info.plist";
				LD_RUNPATH_SEARCH_PATHS = (
					"$(inherited)",
					"@executable_path/Frameworks",
					"@loader_path/Frameworks",
				);
				PRODUCT_BUNDLE_IDENTIFIER = "sixpointone.My-First-AppTests";
				PRODUCT_NAME = "$(TARGET_NAME)";
				SWIFT_VERSION = 5.0;
				TARGETED_DEVICE_FAMILY = "1,2";
				TEST_HOST = "$(BUILT_PRODUCTS_DIR)/My-First-App.app/My-First-App";
			};
			name = Release;
		};
		54F903B222EF3BC400E3724C /* Debug */ = {
			isa = XCBuildConfiguration;
			buildSettings = {
				ALWAYS_EMBED_SWIFT_STANDARD_LIBRARIES = YES;
				CODE_SIGN_STYLE = Automatic;
				INFOPLIST_FILE = "My-First-AppUITests/Info.plist";
				LD_RUNPATH_SEARCH_PATHS = (
					"$(inherited)",
					"@executable_path/Frameworks",
					"@loader_path/Frameworks",
				);
				PRODUCT_BUNDLE_IDENTIFIER = "sixpointone.My-First-AppUITests";
				PRODUCT_NAME = "$(TARGET_NAME)";
				SWIFT_VERSION = 5.0;
				TARGETED_DEVICE_FAMILY = "1,2";
				TEST_TARGET_NAME = "My-First-App";
			};
			name = Debug;
		};
		54F903B322EF3BC400E3724C /* Release */ = {
			isa = XCBuildConfiguration;
			buildSettings = {
				ALWAYS_EMBED_SWIFT_STANDARD_LIBRARIES = YES;
				CODE_SIGN_STYLE = Automatic;
				INFOPLIST_FILE = "My-First-AppUITests/Info.plist";
				LD_RUNPATH_SEARCH_PATHS = (
					"$(inherited)",
					"@executable_path/Frameworks",
					"@loader_path/Frameworks",
				);
				PRODUCT_BUNDLE_IDENTIFIER = "sixpointone.My-First-AppUITests";
				PRODUCT_NAME = "$(TARGET_NAME)";
				SWIFT_VERSION = 5.0;
				TARGETED_DEVICE_FAMILY = "1,2";
				TEST_TARGET_NAME = "My-First-App";
			};
			name = Release;
		};
/* End XCBuildConfiguration section */

/* Begin XCConfigurationList section */
		54F9037E22EF3BC200E3724C /* Build configuration list for PBXProject "My-First-App" */ = {
			isa = XCConfigurationList;
			buildConfigurations = (
				54F903A922EF3BC400E3724C /* Debug */,
				54F903AA22EF3BC400E3724C /* Release */,
			);
			defaultConfigurationIsVisible = 0;
			defaultConfigurationName = Release;
		};
		54F903AB22EF3BC400E3724C /* Build configuration list for PBXNativeTarget "My-First-App" */ = {
			isa = XCConfigurationList;
			buildConfigurations = (
				54F903AC22EF3BC400E3724C /* Debug */,
				54F903AD22EF3BC400E3724C /* Release */,
			);
			defaultConfigurationIsVisible = 0;
			defaultConfigurationName = Release;
		};
		54F903AE22EF3BC400E3724C /* Build configuration list for PBXNativeTarget "My-First-AppTests" */ = {
			isa = XCConfigurationList;
			buildConfigurations = (
				54F903AF22EF3BC400E3724C /* Debug */,
				54F903B022EF3BC400E3724C /* Release */,
			);
			defaultConfigurationIsVisible = 0;
			defaultConfigurationName = Release;
		};
		54F903B122EF3BC400E3724C /* Build configuration list for PBXNativeTarget "My-First-AppUITests" */ = {
			isa = XCConfigurationList;
			buildConfigurations = (
				54F903B222EF3BC400E3724C /* Debug */,
				54F903B322EF3BC400E3724C /* Release */,
			);
			defaultConfigurationIsVisible = 0;
			defaultConfigurationName = Release;
		};
/* End XCConfigurationList section */
	};
	rootObject = 54F9037B22EF3BC200E3724C /* Project object */;
}
